
Microsoft Visual Studio Solution File, Format Version 12.00
# Visual Studio Version 16
VisualStudioVersion = 16.0.29215.179
MinimumVisualStudioVersion = 10.0.40219.1
Project("{FAE04EC0-301F-11D3-BF4B-00C04F79EFBC}") = "Dungeon Crawler LAB4", "Dungeon Crawler LAB4\Dungeon Crawler LAB4.csproj", "{EAD07B96-21F8-4987-B73B-A589E9F4B133}"
EndProject
Global
	GlobalSection(SolutionConfigurationPlatforms) = preSolution
		Debug|Any CPU = Debug|Any CPU
		Release|Any CPU = Release|Any CPU
	EndGlobalSection
	GlobalSection(ProjectConfigurationPlatforms) = postSolution
		{EAD07B96-21F8-4987-B73B-A589E9F4B133}.Debug|Any CPU.ActiveCfg = Debug|Any CPU
		{EAD07B96-21F8-4987-B73B-A589E9F4B133}.Debug|Any CPU.Build.0 = Debug|Any CPU
		{EAD07B96-21F8-4987-B73B-A589E9F4B133}.Release|Any CPU.ActiveCfg = Release|Any CPU
		{EAD07B96-21F8-4987-B73B-A589E9F4B133}.Release|Any CPU.Build.0 = Release|Any CPU
	EndGlobalSection
	GlobalSection(SolutionProperties) = preSolution
		HideSolutionNode = FALSE
	EndGlobalSection
	GlobalSection(ExtensibilityGlobals) = postSolution
		SolutionGuid = {60C72C91-6B1B-46AE-9679-A45F02CC08CD}
	EndGlobalSection
EndGlobal
